
Microsoft Visual Studio Solution File, Format Version 11.00
# Visual Studio 2010
Project("{FAE04EC0-301F-11D3-BF4B-00C04F79EFBC}") = "Jarvis", "Assembly-CSharp.csproj", "{D9B070FC-663E-F376-394D-37B9C2984110}"
EndProject
Project("{FAE04EC0-301F-11D3-BF4B-00C04F79EFBC}") = "Jarvis", "Assembly-CSharp-Editor.csproj", "{14FDA1E0-FD1A-69BF-B69B-F393150A604C}"
EndProject
Global
	GlobalSection(SolutionConfigurationPlatforms) = preSolution
		Debug|Any CPU = Debug|Any CPU
		Release|Any CPU = Release|Any CPU
	EndGlobalSection
	GlobalSection(ProjectConfigurationPlatforms) = postSolution
		{D9B070FC-663E-F376-394D-37B9C2984110}.Debug|Any CPU.ActiveCfg = Debug|Any CPU
		{D9B070FC-663E-F376-394D-37B9C2984110}.Debug|Any CPU.Build.0 = Debug|Any CPU
		{D9B070FC-663E-F376-394D-37B9C2984110}.Release|Any CPU.ActiveCfg = Release|Any CPU
		{D9B070FC-663E-F376-394D-37B9C2984110}.Release|Any CPU.Build.0 = Release|Any CPU
		{14FDA1E0-FD1A-69BF-B69B-F393150A604C}.Debug|Any CPU.ActiveCfg = Debug|Any CPU
		{14FDA1E0-FD1A-69BF-B69B-F393150A604C}.Debug|Any CPU.Build.0 = Debug|Any CPU
		{14FDA1E0-FD1A-69BF-B69B-F393150A604C}.Release|Any CPU.ActiveCfg = Release|Any CPU
		{14FDA1E0-FD1A-69BF-B69B-F393150A604C}.Release|Any CPU.Build.0 = Release|Any CPU
	EndGlobalSection
	GlobalSection(SolutionProperties) = preSolution
		HideSolutionNode = FALSE
	EndGlobalSection
	GlobalSection(MonoDevelopProperties) = preSolution
		StartupItem = Assembly-CSharp.csproj
	EndGlobalSection
EndGlobal
